lockfileVersion: '9.0'

settings:
  autoInstallPeers: true
  excludeLinksFromLockfile: false

importers:

  .:
    dependencies:
      '@perf-profiler/e2e':
        specifier: ^0.11.3
        version: 0.11.3
      '@perf-profiler/logger':
        specifier: ^0.3.3
        version: 0.3.3
      '@perf-profiler/profiler':
        specifier: ^0.10.11
        version: 0.10.11
      '@perf-profiler/reporter':
        specifier: ^0.9.0
        version: 0.9.0
      '@perf-profiler/shell':
        specifier: ^0.2.1
        version: 0.2.1
      '@perf-profiler/types':
        specifier: ^0.8.0
        version: 0.8.0
      '@perf-profiler/web-reporter':
        specifier: ^0.11.2
        version: 0.11.2
      commander:
        specifier: ^12.1.0
        version: 12.1.0
      kleur:
        specifier: ^4.1.5
        version: 4.1.5
      openai:
        specifier: ^4.67.1
        version: 4.67.1(zod@3.23.8)
      slugify:
        specifier: ^1.6.6
        version: 1.6.6
      zod:
        specifier: ^3.23.8
        version: 3.23.8
      zod-to-json-schema:
        specifier: ^3.23.3
        version: 3.23.3(zod@3.23.8)
    devDependencies:
      typescript:
        specifier: ^5.5.4
        version: 5.5.4

packages:

  '@perf-profiler/android@0.13.0':
    resolution: {integrity: sha512-4lUQjJNHFAYB5npts5JLrPaPNpIOEAAjfpeTQOOgBNLT1NW50WWSGuvV2pAdnMi7T28cXs3aUziJJ30cNrSvNg==}
    hasBin: true

  '@perf-profiler/e2e@0.11.3':
    resolution: {integrity: sha512-72fhRTxv40oB9VKQlhaJIlTIcx5K9iQpiNplAy6VqRM3bSMUldw7eryZaL/r/IuiYx9YQyem48KxYSmm2QjAXw==}
    hasBin: true

  '@perf-profiler/ios-instruments@0.3.3':
    resolution: {integrity: sha512-e3UmlWuNUOuNbJPWg6aLOVd9wRKe3RYCqwwUgxMNIAwa5QBxaVYBf2pt3+HRsYReh2qm1yvqW7LU9zP+AJ7/7g==}
    hasBin: true

  '@perf-profiler/ios@0.3.3':
    resolution: {integrity: sha512-dbb9lVKOyj1VjinuxrnbfI3FT0+uhH3xclqLQH7rQFA4d93dusjC/s3RzlnCXRNPFPDy5TTmkiIg3xM/6P3/2g==}

  '@perf-profiler/logger@0.3.3':
    resolution: {integrity: sha512-iAJJ5gWhJ3zEpdMT7M2+HX0Q0UjSuCOZiEs5g8UKKPFYQjmPWwC6otHoZz6ZzRRddjiA065iD2PTytVFkpFTeQ==}
    hasBin: true

  '@perf-profiler/profiler@0.10.11':
    resolution: {integrity: sha512-nu/zakhG5wRi0tCw4SjTCZJh9e/x9YABAOChh3lGI6CESsFzc1Gi2Vrr+2sytN8dpiTDYCCbECC2EalD7ZKvtg==}

  '@perf-profiler/reporter@0.9.0':
    resolution: {integrity: sha512-wJt6ZRVM/cL+8rv9gFYgl8ZIra0uKdesfcfvsvhmrPXtxgC0O4ZdHF9hJDMtcCiHuHb8ptVq/BmEEW84CnvRIw==}

  '@perf-profiler/shell@0.2.1':
    resolution: {integrity: sha512-JU0IGHRiYo4LNXRc2TZVJ1Uxh3NMAg5dFODkpH7Ti+k1EPEyMKi3tyLoQ6PDgAtcu2XBCf1KcByZK/MJ1VR5EA==}

  '@perf-profiler/types@0.8.0':
    resolution: {integrity: sha512-TFiktv00SzLjjPp1hFYYjT9O36iGIUaF6yPLd7x/UT4CuLd0YYDUj+gvX0fbXtVtV7141tTvWbXFL5HiXGx0kw==}

  '@perf-profiler/web-reporter@0.11.2':
    resolution: {integrity: sha512-MC+pLLmfSa90EV9/KdWYjlSDDW9zGwv3+OUk6TTcF/apfPcl46/u+fnMdGbwEbulgq/ykApGH9OSqpZkBb7ifw==}
    hasBin: true

  '@types/node-fetch@2.6.11':
    resolution: {integrity: sha512-24xFj9R5+rfQJLRyM56qh+wnVSYhyXC2tkoBndtY0U+vubqNsYXGjufB2nn8Q6gt0LrARwL6UBtMCSVCwl4B1g==}

  '@types/node@18.19.54':
    resolution: {integrity: sha512-+BRgt0G5gYjTvdLac9sIeE0iZcJxi4Jc4PV5EUzqi+88jmQLr+fRZdv2tCTV7IHKSGxM6SaLoOXQWWUiLUItMw==}

  '@types/node@22.2.0':
    resolution: {integrity: sha512-bm6EG6/pCpkxDf/0gDNDdtDILMOHgaQBVOJGdwsqClnxA3xL6jtMv76rLBc006RVMWbmaf0xbmom4Z/5o2nRkQ==}

  abort-controller@3.0.0:
    resolution: {integrity: sha512-h8lQ8tacZYnR3vNQTgibj+tODHI5/+l06Au2Pcriv/Gmet0eaj4TwWH41sO9wnHDiQsEj19q0drzdWdeAHtweg==}
    engines: {node: '>=6.5'}

  adm-zip@0.5.15:
    resolution: {integrity: sha512-jYPWSeOA8EFoZnucrKCNihqBjoEGQSU4HKgHYQgKNEQ0pQF9a/DYuo/+fAxY76k4qe75LUlLWpAM1QWcBMTOKw==}
    engines: {node: '>=12.0'}

  agentkeepalive@4.5.0:
    resolution: {integrity: sha512-5GG/5IbQQpC9FpkRGsSvZI5QYeSCzlJHdpBQntCsuTOxhKD8lqKhrleg2Yi7yvMIf82Ycmmqln9U8V9qwEiJew==}
    engines: {node: '>= 8.0.0'}

  asynckit@0.4.0:
    resolution: {integrity: sha512-Oei9OH4tRh0YqU3GxhX79dM/mwVgvbZJaSNaRk+bshkj0S5cfHcgYakreBjrHwatXKbz+IoIdYLxrKim2MjW0Q==}

  axios@1.7.3:
    resolution: {integrity: sha512-Ar7ND9pU99eJ9GpoGQKhKf58GpUOgnzuaB7ueNQ5BMi0p+LZ5oaEnfF999fAArcTIBwXTCHAmGcHOZJaWPq9Nw==}

  combined-stream@1.0.8:
    resolution: {integrity: sha512-FQN4MRfuJeHf7cBbBMJFXhKSDq+2kAArBlmRBvcvFE5BB1HZKXtSFASDhdlz9zOYwxh8lDdnvmMOe/+5cdoEdg==}
    engines: {node: '>= 0.8'}

  commander@12.1.0:
    resolution: {integrity: sha512-Vw8qHK3bZM9y/P10u3Vib8o/DdkvA2OtPtZvD871QKjy74Wj1WSKFILMPRPSdUSx5RFK1arlJzEtA4PkFgnbuA==}
    engines: {node: '>=18'}

  delayed-stream@1.0.0:
    resolution: {integrity: sha512-ZySD7Nf91aLB0RxL4KGrKHBXl7Eds1DAmEdcoVawXnLD7SDhpNgtuII2aAkg7a7QS41jxPSZ17p4VdGnMHk3MQ==}
    engines: {node: '>=0.4.0'}

  event-target-shim@5.0.1:
    resolution: {integrity: sha512-i/2XbnSz/uxRCU6+NdVJgKWDTM427+MqYbkQzD321DuCQJUqOuJKIA0IM2+W2xtYHdKOmZ4dR6fExsd4SXL+WQ==}
    engines: {node: '>=6'}

  fast-xml-parser@4.4.1:
    resolution: {integrity: sha512-xkjOecfnKGkSsOwtZ5Pz7Us/T6mrbPQrq0nh+aCO5V9nk5NLWmasAHumTKjiPJPWANe+kAZ84Jc8ooJkzZ88Sw==}
    hasBin: true

  follow-redirects@1.15.6:
    resolution: {integrity: sha512-wWN62YITEaOpSK584EZXJafH1AGpO8RVgElfkuXbTOrPX4fIfOyEpW/CsiNd8JdYrAoOvafRTOEnvsO++qCqFA==}
    engines: {node: '>=4.0'}
    peerDependencies:
      debug: '*'
    peerDependenciesMeta:
      debug:
        optional: true

  form-data-encoder@1.7.2:
    resolution: {integrity: sha512-qfqtYan3rxrnCk1VYaA4H+Ms9xdpPqvLZa6xmMgFvhO32x7/3J/ExcTd6qpxM0vH2GdMI+poehyBZvqfMTto8A==}

  form-data@4.0.0:
    resolution: {integrity: sha512-ETEklSGi5t0QMZuiXoA/Q6vcnxcLQP5vdugSpuAyi6SVGi2clPPp+xgEhuMaHC+zGgn31Kd235W35f7Hykkaww==}
    engines: {node: '>= 6'}

  formdata-node@4.4.1:
    resolution: {integrity: sha512-0iirZp3uVDjVGt9p49aTaqjk84TrglENEDuqfdlZQ1roC9CWlPk6Avf8EEnZNcAqPonwkG35x4n3ww/1THYAeQ==}
    engines: {node: '>= 12.20'}

  humanize-ms@1.2.1:
    resolution: {integrity: sha512-Fl70vYtsAFb/C06PTS9dZBo7ihau+Tu/DNCk/OyHhea07S+aeMWpFFkUaXRa8fI+ScZbEI8dfSxwY7gxZ9SAVQ==}

  kleur@4.1.5:
    resolution: {integrity: sha512-o+NO+8WrRiQEE4/7nwRJhN1HWpVmJm511pBHUxPLtp0BUISzlBplORYSmTclCnJvQq2tKu/sgl3xVpkc7ZWuQQ==}
    engines: {node: '>=6'}

  lodash@4.17.21:
    resolution: {integrity: sha512-v2kDEe57lecTulaDIuNTPy3Ry4gLGJ6Z1O3vE1krgXZNrsQ+LFTGHVxVjcXPs17LhbZVGedAJv8XZ1tvj5FvSg==}

  luxon@3.5.0:
    resolution: {integrity: sha512-rh+Zjr6DNfUYR3bPwJEnuwDdqMbxZW7LOQfUN4B54+Cl+0o5zaU9RJ6bcidfDtC1cWCZXQ+nvX8bf6bAji37QQ==}
    engines: {node: '>=12'}

  mime-db@1.52.0:
    resolution: {integrity: sha512-sPU4uV7dYlvtWJxwwxHD0PuihVNiE7TyAbQ5SWxDCB9mUYvOgroQOwYQQOKPJ8CIbE+1ETVlOoK1UC2nU3gYvg==}
    engines: {node: '>= 0.6'}

  mime-types@2.1.35:
    resolution: {integrity: sha512-ZDY+bPm5zTTF+YpCrAU9nK0UgICYPT0QtT1NZWFv4s++TNkcgVaT0g6+4R2uI4MjQjzysHB1zxuWL50hzaeXiw==}
    engines: {node: '>= 0.6'}

  ms@2.1.3:
    resolution: {integrity: sha512-6FlzubTLZG3J2a/NVCAleEhjzq5oxgHyaCU9yYXvcLsvoVaHJq/s5xXI6/XXP6tz7R9xAOtHnSO/tXtF3WRTlA==}

  node-domexception@1.0.0:
    resolution: {integrity: sha512-/jKZoMpw0F8GRwl4/eLROPA3cfcXtLApP0QzLmUT/HuPCZWyB7IY9ZrMeKw2O/nFIqPQB3PVM9aYm0F312AXDQ==}
    engines: {node: '>=10.5.0'}

  node-fetch@2.7.0:
    resolution: {integrity: sha512-c4FRfUm/dbcWZ7U+1Wq0AwCyFL+3nt2bEw05wfxSz+DWpWsitgmSgYmy2dQdWyKC1694ELPqMs/YzUSNozLt8A==}
    engines: {node: 4.x || >=6.0.0}
    peerDependencies:
      encoding: ^0.1.0
    peerDependenciesMeta:
      encoding:
        optional: true

  openai@4.67.1:
    resolution: {integrity: sha512-2YbRFy6qaYRJabK2zLMn4txrB2xBy0KP5g/eoqeSPTT31mIJMnkT75toagvfE555IKa2RdrzJrZwdDsUipsAMw==}
    hasBin: true
    peerDependencies:
      zod: ^3.23.8
    peerDependenciesMeta:
      zod:
        optional: true

  proxy-from-env@1.1.0:
    resolution: {integrity: sha512-D+zkORCbA9f1tdWRK0RaCR3GPv50cMxcrz4X8k5LTSUD1Dkw47mKJEZQNunItRTkWwgtaUSo1RVFRIG9ZXiFYg==}

  slugify@1.6.6:
    resolution: {integrity: sha512-h+z7HKHYXj6wJU+AnS/+IH8Uh9fdcX1Lrhg1/VMdf9PwoBQXFcXiAdsy2tSK0P6gKwJLXp02r90ahUCqHk9rrw==}
    engines: {node: '>=8.0.0'}

  strnum@1.0.5:
    resolution: {integrity: sha512-J8bbNyKKXl5qYcR36TIO8W3mVGVHrmmxsd5PAItGkmyzwJvybiw2IVq5nqd0i4LSNSkB/sx9VHllbfFdr9k1JA==}

  tr46@0.0.3:
    resolution: {integrity: sha512-N3WMsuqV66lT30CrXNbEjx4GEwlow3v6rr4mCcv6prnfwhS01rkgyFdjPNBYd9br7LpXV1+Emh01fHnq2Gdgrw==}

  typescript@5.5.4:
    resolution: {integrity: sha512-Mtq29sKDAEYP7aljRgtPOpTvOfbwRWlS6dPRzwjdE+C0R4brX/GUyhHSecbHMFLNBLcJIPt9nl9yG5TZ1weH+Q==}
    engines: {node: '>=14.17'}
    hasBin: true

  undici-types@5.26.5:
    resolution: {integrity: sha512-JlCMO+ehdEIKqlFxk6IfVoAUVmgz7cU7zD/h9XZ0qzeosSHmUJVOzSQvvYSYWXkFXC+IfLKSIffhv0sVZup6pA==}

  undici-types@6.13.0:
    resolution: {integrity: sha512-xtFJHudx8S2DSoujjMd1WeWvn7KKWFRESZTMeL1RptAYERu29D6jphMjjY+vn96jvN3kVPDNxU/E13VTaXj6jg==}

  web-streams-polyfill@4.0.0-beta.3:
    resolution: {integrity: sha512-QW95TCTaHmsYfHDybGMwO5IJIM93I/6vTRk+daHTWFPhwh+C8Cg7j7XyKrwrj8Ib6vYXe0ocYNrmzY4xAAN6ug==}
    engines: {node: '>= 14'}

  webidl-conversions@3.0.1:
    resolution: {integrity: sha512-2JAn3z8AR6rjK8Sm8orRC0h/bcl/DqL7tRPdGZ4I1CjdF+EaMLmYxBHyXuKL849eucPFhvBoxMsflfOb8kxaeQ==}

  whatwg-url@5.0.0:
    resolution: {integrity: sha512-saE57nupxk6v3HY35+jzBwYa0rKSy0XR8JSxZPwgLr7ys0IBzhGviA1/TUGJLmSVqs8pb9AnvICXEuOHLprYTw==}

  zod-to-json-schema@3.23.3:
    resolution: {integrity: sha512-TYWChTxKQbRJp5ST22o/Irt9KC5nj7CdBKYB/AosCRdj/wxEMvv4NNaj9XVUHDOIp53ZxArGhnw5HMZziPFjog==}
    peerDependencies:
      zod: ^3.23.3

  zod@3.23.8:
    resolution: {integrity: sha512-XBx9AXhXktjUqnepgTiE5flcKIYWi/rme0Eaj+5Y0lftuGBq+jyRu/md4WnuxqgP1ubdpNCsYEYPxrzVHD8d6g==}

snapshots:

  '@perf-profiler/android@0.13.0':
    dependencies:
      '@perf-profiler/logger': 0.3.3
      '@perf-profiler/profiler': 0.10.11
      '@perf-profiler/types': 0.8.0
      commander: 12.1.0
      lodash: 4.17.21

  '@perf-profiler/e2e@0.11.3':
    dependencies:
      '@perf-profiler/ios-instruments': 0.3.3
      '@perf-profiler/logger': 0.3.3
      '@perf-profiler/profiler': 0.10.11
      '@perf-profiler/reporter': 0.9.0
      '@perf-profiler/types': 0.8.0
      commander: 12.1.0

  '@perf-profiler/ios-instruments@0.3.3':
    dependencies:
      '@perf-profiler/logger': 0.3.3
      '@perf-profiler/profiler': 0.10.11
      '@perf-profiler/types': 0.8.0
      commander: 12.1.0
      fast-xml-parser: 4.4.1

  '@perf-profiler/ios@0.3.3':
    dependencies:
      '@perf-profiler/ios-instruments': 0.3.3
      '@perf-profiler/logger': 0.3.3
      '@perf-profiler/types': 0.8.0

  '@perf-profiler/logger@0.3.3':
    dependencies:
      kleur: 4.1.5
      luxon: 3.5.0

  '@perf-profiler/profiler@0.10.11':
    dependencies:
      '@perf-profiler/android': 0.13.0
      '@perf-profiler/ios': 0.3.3
      '@perf-profiler/types': 0.8.0

  '@perf-profiler/reporter@0.9.0':
    dependencies:
      '@perf-profiler/types': 0.8.0
      lodash: 4.17.21

  '@perf-profiler/shell@0.2.1':
    dependencies:
      '@perf-profiler/logger': 0.3.3
      adm-zip: 0.5.15
      axios: 1.7.3
    transitivePeerDependencies:
      - debug

  '@perf-profiler/types@0.8.0': {}

  '@perf-profiler/web-reporter@0.11.2':
    dependencies:
      '@perf-profiler/logger': 0.3.3
      '@perf-profiler/shell': 0.2.1
      '@perf-profiler/types': 0.8.0
      commander: 12.1.0
    transitivePeerDependencies:
      - debug

  '@types/node-fetch@2.6.11':
    dependencies:
      '@types/node': 22.2.0
      form-data: 4.0.0

  '@types/node@18.19.54':
    dependencies:
      undici-types: 5.26.5

  '@types/node@22.2.0':
    dependencies:
      undici-types: 6.13.0

  abort-controller@3.0.0:
    dependencies:
      event-target-shim: 5.0.1

  adm-zip@0.5.15: {}

  agentkeepalive@4.5.0:
    dependencies:
      humanize-ms: 1.2.1

  asynckit@0.4.0: {}

  axios@1.7.3:
    dependencies:
      follow-redirects: 1.15.6
      form-data: 4.0.0
      proxy-from-env: 1.1.0
    transitivePeerDependencies:
      - debug

  combined-stream@1.0.8:
    dependencies:
      delayed-stream: 1.0.0

  commander@12.1.0: {}

  delayed-stream@1.0.0: {}

  event-target-shim@5.0.1: {}

  fast-xml-parser@4.4.1:
    dependencies:
      strnum: 1.0.5

  follow-redirects@1.15.6: {}

  form-data-encoder@1.7.2: {}

  form-data@4.0.0:
    dependencies:
      asynckit: 0.4.0
      combined-stream: 1.0.8
      mime-types: 2.1.35

  formdata-node@4.4.1:
    dependencies:
      node-domexception: 1.0.0
      web-streams-polyfill: 4.0.0-beta.3

  humanize-ms@1.2.1:
    dependencies:
      ms: 2.1.3

  kleur@4.1.5: {}

  lodash@4.17.21: {}

  luxon@3.5.0: {}

  mime-db@1.52.0: {}

  mime-types@2.1.35:
    dependencies:
      mime-db: 1.52.0

  ms@2.1.3: {}

  node-domexception@1.0.0: {}

  node-fetch@2.7.0:
    dependencies:
      whatwg-url: 5.0.0

  openai@4.67.1(zod@3.23.8):
    dependencies:
      '@types/node': 18.19.54
      '@types/node-fetch': 2.6.11
      abort-controller: 3.0.0
      agentkeepalive: 4.5.0
      form-data-encoder: 1.7.2
      formdata-node: 4.4.1
      node-fetch: 2.7.0
    optionalDependencies:
      zod: 3.23.8
    transitivePeerDependencies:
      - encoding

  proxy-from-env@1.1.0: {}

  slugify@1.6.6: {}

  strnum@1.0.5: {}

  tr46@0.0.3: {}

  typescript@5.5.4: {}

  undici-types@5.26.5: {}

  undici-types@6.13.0: {}

  web-streams-polyfill@4.0.0-beta.3: {}

  webidl-conversions@3.0.1: {}

  whatwg-url@5.0.0:
    dependencies:
      tr46: 0.0.3
      webidl-conversions: 3.0.1

  zod-to-json-schema@3.23.3(zod@3.23.8):
    dependencies:
      zod: 3.23.8

  zod@3.23.8: {}
